
Microsoft Visual Studio Solution File, Format Version 11.00
# Visual Studio 2010
Project("{E24C65DC-7377-472B-9ABA-BC803B73C61A}") = "aspnet_go2shop", ".", "{17BF9B1F-1BBF-4ACE-9D0B-661412E686D2}"
	ProjectSection(WebsiteProperties) = preProject
		TargetFrameworkMoniker = ".NETFramework,Version%3Dv4.0"
		Debug.AspNetCompiler.VirtualPath = "/aspnet_go2shop"
		Debug.AspNetCompiler.PhysicalPath = "..\aspnet_go2shop\"
		Debug.AspNetCompiler.TargetPath = "PrecompiledWeb\aspnet_go2shop\"
		Debug.AspNetCompiler.Updateable = "true"
		Debug.AspNetCompiler.ForceOverwrite = "true"
		Debug.AspNetCompiler.FixedNames = "false"
		Debug.AspNetCompiler.Debug = "True"
		Release.AspNetCompiler.VirtualPath = "/aspnet_go2shop"
		Release.AspNetCompiler.PhysicalPath = "..\aspnet_go2shop\"
		Release.AspNetCompiler.TargetPath = "PrecompiledWeb\aspnet_go2shop\"
		Release.AspNetCompiler.Updateable = "true"
		Release.AspNetCompiler.ForceOverwrite = "true"
		Release.AspNetCompiler.FixedNames = "false"
		Release.AspNetCompiler.Debug = "False"
		VWDPort = "6256"
	EndProjectSection
EndProject
Global
	GlobalSection(SolutionConfigurationPlatforms) = preSolution
		Debug|Any CPU = Debug|Any CPU
	EndGlobalSection
	GlobalSection(ProjectConfigurationPlatforms) = postSolution
		{17BF9B1F-1BBF-4ACE-9D0B-661412E686D2}.Debug|Any CPU.ActiveCfg = Debug|Any CPU
		{17BF9B1F-1BBF-4ACE-9D0B-661412E686D2}.Debug|Any CPU.Build.0 = Debug|Any CPU
	EndGlobalSection
	GlobalSection(SolutionProperties) = preSolution
		HideSolutionNode = FALSE
	EndGlobalSection
EndGlobal
